
Microsoft Visual Studio Solution File, Format Version 12.00
# Visual Studio Version 16
VisualStudioVersion = 16.0.31205.134
MinimumVisualStudioVersion = 10.0.40219.1
Project("{FAE04EC0-301F-11D3-BF4B-00C04F79EFBC}") = "Instituto_App_JOSE_MIGUEL_N_V", "Instituto_App_JOSE_MIGUEL_N_V\Instituto_App_JOSE_MIGUEL_N_V.csproj", "{AFC19283-20A4-4CCD-88F1-2175CD680D04}"
EndProject
Global
	GlobalSection(SolutionConfigurationPlatforms) = preSolution
		Debug|Any CPU = Debug|Any CPU
		Release|Any CPU = Release|Any CPU
	EndGlobalSection
	GlobalSection(ProjectConfigurationPlatforms) = postSolution
		{AFC19283-20A4-4CCD-88F1-2175CD680D04}.Debug|Any CPU.ActiveCfg = Debug|Any CPU
		{AFC19283-20A4-4CCD-88F1-2175CD680D04}.Debug|Any CPU.Build.0 = Debug|Any CPU
		{AFC19283-20A4-4CCD-88F1-2175CD680D04}.Release|Any CPU.ActiveCfg = Release|Any CPU
		{AFC19283-20A4-4CCD-88F1-2175CD680D04}.Release|Any CPU.Build.0 = Release|Any CPU
	EndGlobalSection
	GlobalSection(SolutionProperties) = preSolution
		HideSolutionNode = FALSE
	EndGlobalSection
	GlobalSection(ExtensibilityGlobals) = postSolution
		SolutionGuid = {0F232E39-59C5-4A1E-BF6A-8CFCC01CD237}
	EndGlobalSection
EndGlobal
